{
  "name": "better-antigravity",
  "version": "0.1.1",
  "lockfileVersion": 3,
  "requires": true,
  "packages": {
    "": {
      "name": "better-antigravity",
      "version": "0.1.1",
      "license": "AGPL-3.0-or-later",
      "bin": {
        "better-antigravity": "cli.js"
      },
      "engines": {
        "node": ">=16.0.0"
      }
    }
  }
}
